
Microsoft Visual Studio Solution File, Format Version 12.00
# Visual Studio Version 17
VisualStudioVersion = 17.5.002.0
MinimumVisualStudioVersion = 10.0.40219.1
Project("{9A19103F-16F7-4668-BE54-9A1E7A4F7556}") = "HelloWorld", "HelloWorld.csproj", "{BD45E36A-D10A-4DB1-8721-409E3617C75D}"
EndProject
Global
	GlobalSection(SolutionConfigurationPlatforms) = preSolution
		Debug|Any CPU = Debug|Any CPU
		Release|Any CPU = Release|Any CPU
	EndGlobalSection
	GlobalSection(ProjectConfigurationPlatforms) = postSolution
		{BD45E36A-D10A-4DB1-8721-409E3617C75D}.Debug|Any CPU.ActiveCfg = Debug|Any CPU
		{BD45E36A-D10A-4DB1-8721-409E3617C75D}.Debug|Any CPU.Build.0 = Debug|Any CPU
		{BD45E36A-D10A-4DB1-8721-409E3617C75D}.Release|Any CPU.ActiveCfg = Release|Any CPU
		{BD45E36A-D10A-4DB1-8721-409E3617C75D}.Release|Any CPU.Build.0 = Release|Any CPU
	EndGlobalSection
	GlobalSection(SolutionProperties) = preSolution
		HideSolutionNode = FALSE
	EndGlobalSection
	GlobalSection(ExtensibilityGlobals) = postSolution
		SolutionGuid = {EE5D7793-D78D-4C33-923E-A3D1060B393C}
	EndGlobalSection
EndGlobal
